
Microsoft Visual Studio Solution File, Format Version 12.00
# Visual Studio Version 17
VisualStudioVersion = 17.13.35931.197 d17.13
MinimumVisualStudioVersion = 10.0.40219.1
Project("{FAE04EC0-301F-11D3-BF4B-00C04F79EFBC}") = "Consolecalculater", "Consolecalculater.csproj", "{868F7BB5-B853-C9A6-639C-29A0D8CBBC64}"
EndProject
Global
	GlobalSection(SolutionConfigurationPlatforms) = preSolution
		Debug|Any CPU = Debug|Any CPU
		Release|Any CPU = Release|Any CPU
	EndGlobalSection
	GlobalSection(ProjectConfigurationPlatforms) = postSolution
		{868F7BB5-B853-C9A6-639C-29A0D8CBBC64}.Debug|Any CPU.ActiveCfg = Debug|Any CPU
		{868F7BB5-B853-C9A6-639C-29A0D8CBBC64}.Debug|Any CPU.Build.0 = Debug|Any CPU
		{868F7BB5-B853-C9A6-639C-29A0D8CBBC64}.Release|Any CPU.ActiveCfg = Release|Any CPU
		{868F7BB5-B853-C9A6-639C-29A0D8CBBC64}.Release|Any CPU.Build.0 = Release|Any CPU
	EndGlobalSection
	GlobalSection(SolutionProperties) = preSolution
		HideSolutionNode = FALSE
	EndGlobalSection
	GlobalSection(ExtensibilityGlobals) = postSolution
		SolutionGuid = {0C1CF13F-CA6D-4524-A837-C6E38A4629A5}
	EndGlobalSection
EndGlobal
